
Microsoft Visual Studio Solution File, Format Version 12.00
# Visual Studio Version 17
VisualStudioVersion = 17.1.32414.318
MinimumVisualStudioVersion = 10.0.40219.1
Project("{FAE04EC0-301F-11D3-BF4B-00C04F79EFBC}") = "TSAQG", "TSAQG\TSAQG.csproj", "{C46D8FB0-1876-41E9-91D0-E86C31E88B7A}"
EndProject
Global
	GlobalSection(SolutionConfigurationPlatforms) = preSolution
		Debug|Any CPU = Debug|Any CPU
		Release|Any CPU = Release|Any CPU
	EndGlobalSection
	GlobalSection(ProjectConfigurationPlatforms) = postSolution
		{C46D8FB0-1876-41E9-91D0-E86C31E88B7A}.Debug|Any CPU.ActiveCfg = Debug|Any CPU
		{C46D8FB0-1876-41E9-91D0-E86C31E88B7A}.Debug|Any CPU.Build.0 = Debug|Any CPU
		{C46D8FB0-1876-41E9-91D0-E86C31E88B7A}.Release|Any CPU.ActiveCfg = Release|Any CPU
		{C46D8FB0-1876-41E9-91D0-E86C31E88B7A}.Release|Any CPU.Build.0 = Release|Any CPU
	EndGlobalSection
	GlobalSection(SolutionProperties) = preSolution
		HideSolutionNode = FALSE
	EndGlobalSection
	GlobalSection(ExtensibilityGlobals) = postSolution
		SolutionGuid = {20687AF9-90F6-4F14-96AB-228F416FC623}
	EndGlobalSection
EndGlobal
